version = 1
revision = 3
requires-python = ">=3.11"

[[package]]
name = "axiom-quality-tools"
version = "0.1.0"
source = { virtual = "." }

[package.dev-dependencies]
dev = [
    { name = "checkflow" },
]

[package.metadata]

[package.metadata.requires-dev]
dev = [{ name = "checkflow", git = "https://github.com/HATTER-LONG/CheckFlow.git?rev=90ec67f41fa3cf41b1765fe390f905c439793cab" }]

[[package]]
name = "checkflow"
version = "0.1.0"
source = { git = "https://github.com/HATTER-LONG/CheckFlow.git?rev=90ec67f41fa3cf41b1765fe390f905c439793cab#90ec67f41fa3cf41b1765fe390f905c439793cab" }
